
Microsoft Visual Studio Solution File, Format Version 12.00
# Visual Studio Version 16
VisualStudioVersion = 16.0.31005.135
MinimumVisualStudioVersion = 10.0.40219.1
Project("{FAE04EC0-301F-11D3-BF4B-00C04F79EFBC}") = "AntiVirus", "AntiVirus\AntiVirus.csproj", "{2E1F6882-2CE7-4AE9-A2F5-F1B0B1985F92}"
EndProject
Global
	GlobalSection(SolutionConfigurationPlatforms) = preSolution
		Debug|Any CPU = Debug|Any CPU
		Release|Any CPU = Release|Any CPU
	EndGlobalSection
	GlobalSection(ProjectConfigurationPlatforms) = postSolution
		{2E1F6882-2CE7-4AE9-A2F5-F1B0B1985F92}.Debug|Any CPU.ActiveCfg = Debug|Any CPU
		{2E1F6882-2CE7-4AE9-A2F5-F1B0B1985F92}.Debug|Any CPU.Build.0 = Debug|Any CPU
		{2E1F6882-2CE7-4AE9-A2F5-F1B0B1985F92}.Release|Any CPU.ActiveCfg = Release|Any CPU
		{2E1F6882-2CE7-4AE9-A2F5-F1B0B1985F92}.Release|Any CPU.Build.0 = Release|Any CPU
	EndGlobalSection
	GlobalSection(SolutionProperties) = preSolution
		HideSolutionNode = FALSE
	EndGlobalSection
	GlobalSection(ExtensibilityGlobals) = postSolution
		SolutionGuid = {DCF2654E-D469-411A-BC8E-403B96DEBE9E}
	EndGlobalSection
EndGlobal
